
Microsoft Visual Studio Solution File, Format Version 12.00
# Visual Studio Version 17
VisualStudioVersion = 17.1.32228.430
MinimumVisualStudioVersion = 10.0.40219.1
Project("{9A19103F-16F7-4668-BE54-9A1E7A4F7556}") = "JADE.Core", "JADE.Core\JADE.Core.csproj", "{051B5425-8E93-445A-97BB-9AF275A5E0A6}"
EndProject
Project("{9A19103F-16F7-4668-BE54-9A1E7A4F7556}") = "JADE.IO", "JADE.IO\JADE.IO.csproj", "{3D8E4742-108F-4A56-B496-6813CF456F26}"
EndProject
Project("{FAE04EC0-301F-11D3-BF4B-00C04F79EFBC}") = "JADE.UX.WPF", "JADE.UX.WPF\JADE.UX.WPF.csproj", "{F5E28787-E280-403A-9FEB-B2FD883B37FD}"
EndProject
Project("{2150E333-8FDC-42A3-9474-1A3956D46DE8}") = "UX", "UX", "{71458F3D-B822-460B-A308-08D077D13F08}"
EndProject
Project("{2150E333-8FDC-42A3-9474-1A3956D46DE8}") = "Core", "Core", "{6C2830B0-EEB4-4B05-8B78-D5346CDC6FDC}"
EndProject
Project("{2150E333-8FDC-42A3-9474-1A3956D46DE8}") = "Bridge", "Bridge", "{79739B74-F17D-4722-99E6-26BEBCF92D46}"
EndProject
Project("{9A19103F-16F7-4668-BE54-9A1E7A4F7556}") = "JADE.Core.Instructions.Bridge", "JADE.Core.Instructions.Bridge\JADE.Core.Instructions.Bridge.csproj", "{893279DB-CD1B-415B-8846-53BD79F530E7}"
EndProject
Project("{2150E333-8FDC-42A3-9474-1A3956D46DE8}") = "Instructions", "Instructions", "{216AC93E-B9DF-4A85-80F3-5115E720F95A}"
EndProject
Project("{9A19103F-16F7-4668-BE54-9A1E7A4F7556}") = "JADE.Core.Instructions.Interpreter", "JADE.Core.Instructions.Interpreter\JADE.Core.Instructions.Interpreter.csproj", "{2763E9B3-5366-40BE-814F-33DFAFAF4F21}"
EndProject
Project("{9A19103F-16F7-4668-BE54-9A1E7A4F7556}") = "JADE.Helpers", "JADE.Helpers\JADE.Helpers.csproj", "{47ED380F-9DB7-4DC7-BC7D-A9F0C59ED0FE}"
EndProject
Project("{9A19103F-16F7-4668-BE54-9A1E7A4F7556}") = "JADE.UI.WinConsole", "JADE.UI.WinConsole\JADE.UI.WinConsole.csproj", "{30F5C290-3757-4282-807F-880A980EE710}"
EndProject
Project("{9A19103F-16F7-4668-BE54-9A1E7A4F7556}") = "JADE.Core.Instructions.Interpreter.UnitTest", "JADE.Core.Instructions.Interpreter.UnitTest\JADE.Core.Instructions.Interpreter.UnitTest.csproj", "{ED903A8D-1788-4A27-B9FF-2D9F5AE6C658}"
EndProject
Global
	GlobalSection(SolutionConfigurationPlatforms) = preSolution
		Debug|Any CPU = Debug|Any CPU
		Release|Any CPU = Release|Any CPU
	EndGlobalSection
	GlobalSection(ProjectConfigurationPlatforms) = postSolution
		{051B5425-8E93-445A-97BB-9AF275A5E0A6}.Debug|Any CPU.ActiveCfg = Debug|Any CPU
		{051B5425-8E93-445A-97BB-9AF275A5E0A6}.Debug|Any CPU.Build.0 = Debug|Any CPU
		{051B5425-8E93-445A-97BB-9AF275A5E0A6}.Release|Any CPU.ActiveCfg = Release|Any CPU
		{051B5425-8E93-445A-97BB-9AF275A5E0A6}.Release|Any CPU.Build.0 = Release|Any CPU
		{3D8E4742-108F-4A56-B496-6813CF456F26}.Debug|Any CPU.ActiveCfg = Debug|Any CPU
		{3D8E4742-108F-4A56-B496-6813CF456F26}.Debug|Any CPU.Build.0 = Debug|Any CPU
		{3D8E4742-108F-4A56-B496-6813CF456F26}.Release|Any CPU.ActiveCfg = Release|Any CPU
		{3D8E4742-108F-4A56-B496-6813CF456F26}.Release|Any CPU.Build.0 = Release|Any CPU
		{F5E28787-E280-403A-9FEB-B2FD883B37FD}.Debug|Any CPU.ActiveCfg = Debug|Any CPU
		{F5E28787-E280-403A-9FEB-B2FD883B37FD}.Debug|Any CPU.Build.0 = Debug|Any CPU
		{F5E28787-E280-403A-9FEB-B2FD883B37FD}.Release|Any CPU.ActiveCfg = Release|Any CPU
		{F5E28787-E280-403A-9FEB-B2FD883B37FD}.Release|Any CPU.Build.0 = Release|Any CPU
		{893279DB-CD1B-415B-8846-53BD79F530E7}.Debug|Any CPU.ActiveCfg = Debug|Any CPU
		{893279DB-CD1B-415B-8846-53BD79F530E7}.Debug|Any CPU.Build.0 = Debug|Any CPU
		{893279DB-CD1B-415B-8846-53BD79F530E7}.Release|Any CPU.ActiveCfg = Release|Any CPU
		{893279DB-CD1B-415B-8846-53BD79F530E7}.Release|Any CPU.Build.0 = Release|Any CPU
		{2763E9B3-5366-40BE-814F-33DFAFAF4F21}.Debug|Any CPU.ActiveCfg = Debug|Any CPU
		{2763E9B3-5366-40BE-814F-33DFAFAF4F21}.Debug|Any CPU.Build.0 = Debug|Any CPU
		{2763E9B3-5366-40BE-814F-33DFAFAF4F21}.Release|Any CPU.ActiveCfg = Release|Any CPU
		{2763E9B3-5366-40BE-814F-33DFAFAF4F21}.Release|Any CPU.Build.0 = Release|Any CPU
		{47ED380F-9DB7-4DC7-BC7D-A9F0C59ED0FE}.Debug|Any CPU.ActiveCfg = Debug|Any CPU
		{47ED380F-9DB7-4DC7-BC7D-A9F0C59ED0FE}.Debug|Any CPU.Build.0 = Debug|Any CPU
		{47ED380F-9DB7-4DC7-BC7D-A9F0C59ED0FE}.Release|Any CPU.ActiveCfg = Release|Any CPU
		{47ED380F-9DB7-4DC7-BC7D-A9F0C59ED0FE}.Release|Any CPU.Build.0 = Release|Any CPU
		{30F5C290-3757-4282-807F-880A980EE710}.Debug|Any CPU.ActiveCfg = Debug|Any CPU
		{30F5C290-3757-4282-807F-880A980EE710}.Debug|Any CPU.Build.0 = Debug|Any CPU
		{30F5C290-3757-4282-807F-880A980EE710}.Release|Any CPU.ActiveCfg = Release|Any CPU
		{30F5C290-3757-4282-807F-880A980EE710}.Release|Any CPU.Build.0 = Release|Any CPU
		{ED903A8D-1788-4A27-B9FF-2D9F5AE6C658}.Debug|Any CPU.ActiveCfg = Debug|Any CPU
		{ED903A8D-1788-4A27-B9FF-2D9F5AE6C658}.Debug|Any CPU.Build.0 = Debug|Any CPU
		{ED903A8D-1788-4A27-B9FF-2D9F5AE6C658}.Release|Any CPU.ActiveCfg = Release|Any CPU
		{ED903A8D-1788-4A27-B9FF-2D9F5AE6C658}.Release|Any CPU.Build.0 = Release|Any CPU
	EndGlobalSection
	GlobalSection(SolutionProperties) = preSolution
		HideSolutionNode = FALSE
	EndGlobalSection
	GlobalSection(NestedProjects) = preSolution
		{051B5425-8E93-445A-97BB-9AF275A5E0A6} = {6C2830B0-EEB4-4B05-8B78-D5346CDC6FDC}
		{3D8E4742-108F-4A56-B496-6813CF456F26} = {79739B74-F17D-4722-99E6-26BEBCF92D46}
		{F5E28787-E280-403A-9FEB-B2FD883B37FD} = {71458F3D-B822-460B-A308-08D077D13F08}
		{893279DB-CD1B-415B-8846-53BD79F530E7} = {216AC93E-B9DF-4A85-80F3-5115E720F95A}
		{2763E9B3-5366-40BE-814F-33DFAFAF4F21} = {216AC93E-B9DF-4A85-80F3-5115E720F95A}
		{47ED380F-9DB7-4DC7-BC7D-A9F0C59ED0FE} = {79739B74-F17D-4722-99E6-26BEBCF92D46}
		{30F5C290-3757-4282-807F-880A980EE710} = {71458F3D-B822-460B-A308-08D077D13F08}
		{ED903A8D-1788-4A27-B9FF-2D9F5AE6C658} = {216AC93E-B9DF-4A85-80F3-5115E720F95A}
	EndGlobalSection
	GlobalSection(ExtensibilityGlobals) = postSolution
		SolutionGuid = {A27F2869-DB6C-42F7-B1A7-50BB40978646}
	EndGlobalSection
EndGlobal
